
Microsoft Visual Studio Solution File, Format Version 12.00
# Visual Studio 15
VisualStudioVersion = 15.0.26124.0
MinimumVisualStudioVersion = 15.0.26124.0
Project("{2150E333-8FDC-42A3-9474-1A3956D46DE8}") = "Code", "Code", "{277CBD06-5DFF-44FA-B848-CB4B3655C914}"
EndProject
Project("{FAE04EC0-301F-11D3-BF4B-00C04F79EFBC}") = "CodeQL.Api", "Code\CodeQL.Api\CodeQL.Api.csproj", "{68250441-4B04-4A34-9615-AD8CE5090562}"
EndProject
Project("{FAE04EC0-301F-11D3-BF4B-00C04F79EFBC}") = "CodeQL.Business", "Code\CodeQL.Business\CodeQL.Business.csproj", "{5A0DB3B5-8E9E-4F02-85AB-284F38118EE8}"
EndProject
Project("{FAE04EC0-301F-11D3-BF4B-00C04F79EFBC}") = "CodeQL.Data", "Code\CodeQL.Data\CodeQL.Data.csproj", "{7CA1A94F-B431-41EB-A9C1-2ADCA44E0EF8}"
EndProject
Project("{FAE04EC0-301F-11D3-BF4B-00C04F79EFBC}") = "CodeQL.Entities", "Code\CodeQL.Entities\CodeQL.Entities.csproj", "{7086CAFF-7E65-4E72-B0FA-8DD943FBD419}"
EndProject
Project("{FAE04EC0-301F-11D3-BF4B-00C04F79EFBC}") = "CodeQL.Test.Api", "Code\CodeQL.Test.Api\CodeQL.Test.Api.csproj", "{5F61933A-A31E-4631-8994-6B62126EC095}"
EndProject
Project("{FAE04EC0-301F-11D3-BF4B-00C04F79EFBC}") = "CodeQL.Test.Business", "Code\CodeQL.Test.Business\CodeQL.Test.Business.csproj", "{28B60BDC-A15D-4007-BB17-E731AEF7A09C}"
EndProject
Project("{FAE04EC0-301F-11D3-BF4B-00C04F79EFBC}") = "CodeQL.Test.Framework", "Code\CodeQL.Test.Framework\CodeQL.Test.Framework.csproj", "{B5DECB9A-2BE0-4E24-88D0-EC76496921FA}"
EndProject
Project("{2150E333-8FDC-42A3-9474-1A3956D46DE8}") = "Test", "Test", "{764E5220-366D-4B30-8833-EC4B71EA3371}"
EndProject
Global
	GlobalSection(SolutionConfigurationPlatforms) = preSolution
		Debug|Any CPU = Debug|Any CPU
		Debug|x64 = Debug|x64
		Debug|x86 = Debug|x86
		Release|Any CPU = Release|Any CPU
		Release|x64 = Release|x64
		Release|x86 = Release|x86
	EndGlobalSection
	GlobalSection(SolutionProperties) = preSolution
		HideSolutionNode = FALSE
	EndGlobalSection
	GlobalSection(ProjectConfigurationPlatforms) = postSolution
		{68250441-4B04-4A34-9615-AD8CE5090562}.Debug|Any CPU.ActiveCfg = Debug|Any CPU
		{68250441-4B04-4A34-9615-AD8CE5090562}.Debug|Any CPU.Build.0 = Debug|Any CPU
		{68250441-4B04-4A34-9615-AD8CE5090562}.Debug|x64.ActiveCfg = Debug|Any CPU
		{68250441-4B04-4A34-9615-AD8CE5090562}.Debug|x64.Build.0 = Debug|Any CPU
		{68250441-4B04-4A34-9615-AD8CE5090562}.Debug|x86.ActiveCfg = Debug|Any CPU
		{68250441-4B04-4A34-9615-AD8CE5090562}.Debug|x86.Build.0 = Debug|Any CPU
		{68250441-4B04-4A34-9615-AD8CE5090562}.Release|Any CPU.ActiveCfg = Release|Any CPU
		{68250441-4B04-4A34-9615-AD8CE5090562}.Release|Any CPU.Build.0 = Release|Any CPU
		{68250441-4B04-4A34-9615-AD8CE5090562}.Release|x64.ActiveCfg = Release|Any CPU
		{68250441-4B04-4A34-9615-AD8CE5090562}.Release|x64.Build.0 = Release|Any CPU
		{68250441-4B04-4A34-9615-AD8CE5090562}.Release|x86.ActiveCfg = Release|Any CPU
		{68250441-4B04-4A34-9615-AD8CE5090562}.Release|x86.Build.0 = Release|Any CPU
		{5A0DB3B5-8E9E-4F02-85AB-284F38118EE8}.Debug|Any CPU.ActiveCfg = Debug|Any CPU
		{5A0DB3B5-8E9E-4F02-85AB-284F38118EE8}.Debug|Any CPU.Build.0 = Debug|Any CPU
		{5A0DB3B5-8E9E-4F02-85AB-284F38118EE8}.Debug|x64.ActiveCfg = Debug|Any CPU
		{5A0DB3B5-8E9E-4F02-85AB-284F38118EE8}.Debug|x64.Build.0 = Debug|Any CPU
		{5A0DB3B5-8E9E-4F02-85AB-284F38118EE8}.Debug|x86.ActiveCfg = Debug|Any CPU
		{5A0DB3B5-8E9E-4F02-85AB-284F38118EE8}.Debug|x86.Build.0 = Debug|Any CPU
		{5A0DB3B5-8E9E-4F02-85AB-284F38118EE8}.Release|Any CPU.ActiveCfg = Release|Any CPU
		{5A0DB3B5-8E9E-4F02-85AB-284F38118EE8}.Release|Any CPU.Build.0 = Release|Any CPU
		{5A0DB3B5-8E9E-4F02-85AB-284F38118EE8}.Release|x64.ActiveCfg = Release|Any CPU
		{5A0DB3B5-8E9E-4F02-85AB-284F38118EE8}.Release|x64.Build.0 = Release|Any CPU
		{5A0DB3B5-8E9E-4F02-85AB-284F38118EE8}.Release|x86.ActiveCfg = Release|Any CPU
		{5A0DB3B5-8E9E-4F02-85AB-284F38118EE8}.Release|x86.Build.0 = Release|Any CPU
		{7CA1A94F-B431-41EB-A9C1-2ADCA44E0EF8}.Debug|Any CPU.ActiveCfg = Debug|Any CPU
		{7CA1A94F-B431-41EB-A9C1-2ADCA44E0EF8}.Debug|Any CPU.Build.0 = Debug|Any CPU
		{7CA1A94F-B431-41EB-A9C1-2ADCA44E0EF8}.Debug|x64.ActiveCfg = Debug|Any CPU
		{7CA1A94F-B431-41EB-A9C1-2ADCA44E0EF8}.Debug|x64.Build.0 = Debug|Any CPU
		{7CA1A94F-B431-41EB-A9C1-2ADCA44E0EF8}.Debug|x86.ActiveCfg = Debug|Any CPU
		{7CA1A94F-B431-41EB-A9C1-2ADCA44E0EF8}.Debug|x86.Build.0 = Debug|Any CPU
		{7CA1A94F-B431-41EB-A9C1-2ADCA44E0EF8}.Release|Any CPU.ActiveCfg = Release|Any CPU
		{7CA1A94F-B431-41EB-A9C1-2ADCA44E0EF8}.Release|Any CPU.Build.0 = Release|Any CPU
		{7CA1A94F-B431-41EB-A9C1-2ADCA44E0EF8}.Release|x64.ActiveCfg = Release|Any CPU
		{7CA1A94F-B431-41EB-A9C1-2ADCA44E0EF8}.Release|x64.Build.0 = Release|Any CPU
		{7CA1A94F-B431-41EB-A9C1-2ADCA44E0EF8}.Release|x86.ActiveCfg = Release|Any CPU
		{7CA1A94F-B431-41EB-A9C1-2ADCA44E0EF8}.Release|x86.Build.0 = Release|Any CPU
		{7086CAFF-7E65-4E72-B0FA-8DD943FBD419}.Debug|Any CPU.ActiveCfg = Debug|Any CPU
		{7086CAFF-7E65-4E72-B0FA-8DD943FBD419}.Debug|Any CPU.Build.0 = Debug|Any CPU
		{7086CAFF-7E65-4E72-B0FA-8DD943FBD419}.Debug|x64.ActiveCfg = Debug|Any CPU
		{7086CAFF-7E65-4E72-B0FA-8DD943FBD419}.Debug|x64.Build.0 = Debug|Any CPU
		{7086CAFF-7E65-4E72-B0FA-8DD943FBD419}.Debug|x86.ActiveCfg = Debug|Any CPU
		{7086CAFF-7E65-4E72-B0FA-8DD943FBD419}.Debug|x86.Build.0 = Debug|Any CPU
		{7086CAFF-7E65-4E72-B0FA-8DD943FBD419}.Release|Any CPU.ActiveCfg = Release|Any CPU
		{7086CAFF-7E65-4E72-B0FA-8DD943FBD419}.Release|Any CPU.Build.0 = Release|Any CPU
		{7086CAFF-7E65-4E72-B0FA-8DD943FBD419}.Release|x64.ActiveCfg = Release|Any CPU
		{7086CAFF-7E65-4E72-B0FA-8DD943FBD419}.Release|x64.Build.0 = Release|Any CPU
		{7086CAFF-7E65-4E72-B0FA-8DD943FBD419}.Release|x86.ActiveCfg = Release|Any CPU
		{7086CAFF-7E65-4E72-B0FA-8DD943FBD419}.Release|x86.Build.0 = Release|Any CPU
		{5F61933A-A31E-4631-8994-6B62126EC095}.Debug|Any CPU.ActiveCfg = Debug|Any CPU
		{5F61933A-A31E-4631-8994-6B62126EC095}.Debug|Any CPU.Build.0 = Debug|Any CPU
		{5F61933A-A31E-4631-8994-6B62126EC095}.Debug|x64.ActiveCfg = Debug|Any CPU
		{5F61933A-A31E-4631-8994-6B62126EC095}.Debug|x64.Build.0 = Debug|Any CPU
		{5F61933A-A31E-4631-8994-6B62126EC095}.Debug|x86.ActiveCfg = Debug|Any CPU
		{5F61933A-A31E-4631-8994-6B62126EC095}.Debug|x86.Build.0 = Debug|Any CPU
		{5F61933A-A31E-4631-8994-6B62126EC095}.Release|Any CPU.ActiveCfg = Release|Any CPU
		{5F61933A-A31E-4631-8994-6B62126EC095}.Release|Any CPU.Build.0 = Release|Any CPU
		{5F61933A-A31E-4631-8994-6B62126EC095}.Release|x64.ActiveCfg = Release|Any CPU
		{5F61933A-A31E-4631-8994-6B62126EC095}.Release|x64.Build.0 = Release|Any CPU
		{5F61933A-A31E-4631-8994-6B62126EC095}.Release|x86.ActiveCfg = Release|Any CPU
		{5F61933A-A31E-4631-8994-6B62126EC095}.Release|x86.Build.0 = Release|Any CPU
		{28B60BDC-A15D-4007-BB17-E731AEF7A09C}.Debug|Any CPU.ActiveCfg = Debug|Any CPU
		{28B60BDC-A15D-4007-BB17-E731AEF7A09C}.Debug|Any CPU.Build.0 = Debug|Any CPU
		{28B60BDC-A15D-4007-BB17-E731AEF7A09C}.Debug|x64.ActiveCfg = Debug|Any CPU
		{28B60BDC-A15D-4007-BB17-E731AEF7A09C}.Debug|x64.Build.0 = Debug|Any CPU
		{28B60BDC-A15D-4007-BB17-E731AEF7A09C}.Debug|x86.ActiveCfg = Debug|Any CPU
		{28B60BDC-A15D-4007-BB17-E731AEF7A09C}.Debug|x86.Build.0 = Debug|Any CPU
		{28B60BDC-A15D-4007-BB17-E731AEF7A09C}.Release|Any CPU.ActiveCfg = Release|Any CPU
		{28B60BDC-A15D-4007-BB17-E731AEF7A09C}.Release|Any CPU.Build.0 = Release|Any CPU
		{28B60BDC-A15D-4007-BB17-E731AEF7A09C}.Release|x64.ActiveCfg = Release|Any CPU
		{28B60BDC-A15D-4007-BB17-E731AEF7A09C}.Release|x64.Build.0 = Release|Any CPU
		{28B60BDC-A15D-4007-BB17-E731AEF7A09C}.Release|x86.ActiveCfg = Release|Any CPU
		{28B60BDC-A15D-4007-BB17-E731AEF7A09C}.Release|x86.Build.0 = Release|Any CPU
		{B5DECB9A-2BE0-4E24-88D0-EC76496921FA}.Debug|Any CPU.ActiveCfg = Debug|Any CPU
		{B5DECB9A-2BE0-4E24-88D0-EC76496921FA}.Debug|Any CPU.Build.0 = Debug|Any CPU
		{B5DECB9A-2BE0-4E24-88D0-EC76496921FA}.Debug|x64.ActiveCfg = Debug|Any CPU
		{B5DECB9A-2BE0-4E24-88D0-EC76496921FA}.Debug|x64.Build.0 = Debug|Any CPU
		{B5DECB9A-2BE0-4E24-88D0-EC76496921FA}.Debug|x86.ActiveCfg = Debug|Any CPU
		{B5DECB9A-2BE0-4E24-88D0-EC76496921FA}.Debug|x86.Build.0 = Debug|Any CPU
		{B5DECB9A-2BE0-4E24-88D0-EC76496921FA}.Release|Any CPU.ActiveCfg = Release|Any CPU
		{B5DECB9A-2BE0-4E24-88D0-EC76496921FA}.Release|Any CPU.Build.0 = Release|Any CPU
		{B5DECB9A-2BE0-4E24-88D0-EC76496921FA}.Release|x64.ActiveCfg = Release|Any CPU
		{B5DECB9A-2BE0-4E24-88D0-EC76496921FA}.Release|x64.Build.0 = Release|Any CPU
		{B5DECB9A-2BE0-4E24-88D0-EC76496921FA}.Release|x86.ActiveCfg = Release|Any CPU
		{B5DECB9A-2BE0-4E24-88D0-EC76496921FA}.Release|x86.Build.0 = Release|Any CPU
	EndGlobalSection
	GlobalSection(NestedProjects) = preSolution
		{68250441-4B04-4A34-9615-AD8CE5090562} = {277CBD06-5DFF-44FA-B848-CB4B3655C914}
		{5A0DB3B5-8E9E-4F02-85AB-284F38118EE8} = {277CBD06-5DFF-44FA-B848-CB4B3655C914}
		{7CA1A94F-B431-41EB-A9C1-2ADCA44E0EF8} = {277CBD06-5DFF-44FA-B848-CB4B3655C914}
		{7086CAFF-7E65-4E72-B0FA-8DD943FBD419} = {277CBD06-5DFF-44FA-B848-CB4B3655C914}
		{5F61933A-A31E-4631-8994-6B62126EC095} = {764E5220-366D-4B30-8833-EC4B71EA3371}
		{28B60BDC-A15D-4007-BB17-E731AEF7A09C} = {764E5220-366D-4B30-8833-EC4B71EA3371}
		{B5DECB9A-2BE0-4E24-88D0-EC76496921FA} = {764E5220-366D-4B30-8833-EC4B71EA3371}
	EndGlobalSection
EndGlobal
